
Microsoft Visual Studio Solution File, Format Version 12.00
# Visual Studio Version 16
VisualStudioVersion = 16.0.29613.14
MinimumVisualStudioVersion = 10.0.40219.1
Project("{FAE04EC0-301F-11D3-BF4B-00C04F79EFBC}") = "OrangeTransactionsExtractor", "BotswanaLifeTransactionsExtractor\OrangeTransactionsExtractor.csproj", "{4824B33F-9A6C-4338-BD12-D5BF8D8F9CDC}"
EndProject
Global
	GlobalSection(SolutionConfigurationPlatforms) = preSolution
		Debug|Any CPU = Debug|Any CPU
		Release|Any CPU = Release|Any CPU
	EndGlobalSection
	GlobalSection(ProjectConfigurationPlatforms) = postSolution
		{4824B33F-9A6C-4338-BD12-D5BF8D8F9CDC}.Debug|Any CPU.ActiveCfg = Debug|Any CPU
		{4824B33F-9A6C-4338-BD12-D5BF8D8F9CDC}.Debug|Any CPU.Build.0 = Debug|Any CPU
		{4824B33F-9A6C-4338-BD12-D5BF8D8F9CDC}.Release|Any CPU.ActiveCfg = Release|Any CPU
		{4824B33F-9A6C-4338-BD12-D5BF8D8F9CDC}.Release|Any CPU.Build.0 = Release|Any CPU
	EndGlobalSection
	GlobalSection(SolutionProperties) = preSolution
		HideSolutionNode = FALSE
	EndGlobalSection
	GlobalSection(ExtensibilityGlobals) = postSolution
		SolutionGuid = {07D72D63-699E-4F51-A110-F7B5A3DF8707}
	EndGlobalSection
EndGlobal
